// !$*UTF8*$!
{
	archiveVersion = 1;
	classes = {
	};
	objectVersion = 46;
	objects = {

/* Begin PBXBuildFile section */
		7415949F1DC16B8500F6DC5F /* Image+CoreDataClass.swift in Sources */ = {isa = PBXBuildFile; fileRef = 741594971DC16B8500F6DC5F /* Image+CoreDataClass.swift */; };
		741594A01DC16B8500F6DC5F /* Image+CoreDataProperties.swift in Sources */ = {isa = PBXBuildFile; fileRef = 741594981DC16B8500F6DC5F /* Image+CoreDataProperties.swift */; };
		741594A11DC16B8500F6DC5F /* Store+CoreDataClass.swift in Sources */ = {isa = PBXBuildFile; fileRef = 741594991DC16B8500F6DC5F /* Store+CoreDataClass.swift */; };
		741594A21DC16B8500F6DC5F /* Store+CoreDataProperties.swift in Sources */ = {isa = PBXBuildFile; fileRef = 7415949A1DC16B8500F6DC5F /* Store+CoreDataProperties.swift */; };
		741594A31DC16B8500F6DC5F /* ItemType+CoreDataClass.swift in Sources */ = {isa = PBXBuildFile; fileRef = 7415949B1DC16B8500F6DC5F /* ItemType+CoreDataClass.swift */; };
		741594A41DC16B8500F6DC5F /* ItemType+CoreDataProperties.swift in Sources */ = {isa = PBXBuildFile; fileRef = 7415949C1DC16B8500F6DC5F /* ItemType+CoreDataProperties.swift */; };
		741594A51DC16B8500F6DC5F /* Item+CoreDataClass.swift in Sources */ = {isa = PBXBuildFile; fileRef = 7415949D1DC16B8500F6DC5F /* Item+CoreDataClass.swift */; };
		741594A61DC16B8500F6DC5F /* Item+CoreDataProperties.swift in Sources */ = {isa = PBXBuildFile; fileRef = 7415949E1DC16B8500F6DC5F /* Item+CoreDataProperties.swift */; };
		741594AB1DC3F65800F6DC5F /* MaterialView.swift in Sources */ = {isa = PBXBuildFile; fileRef = 741594AA1DC3F65800F6DC5F /* MaterialView.swift */; };
		741594AD1DC3F85400F6DC5F /* ItemCell.swift in Sources */ = {isa = PBXBuildFile; fileRef = 741594AC1DC3F85400F6DC5F /* ItemCell.swift */; };
		74CB2E121DB5A1DA00A78271 /* AppDelegate.swift in Sources */ = {isa = PBXBuildFile; fileRef = 74CB2E111DB5A1DA00A78271 /* AppDelegate.swift */; };
		74CB2E141DB5A1DA00A78271 /* MainViewController.swift in Sources */ = {isa = PBXBuildFile; fileRef = 74CB2E131DB5A1DA00A78271 /* MainViewController.swift */; };
		74CB2E171DB5A1DA00A78271 /* Main.storyboard in Resources */ = {isa = PBXBuildFile; fileRef = 74CB2E151DB5A1DA00A78271 /* Main.storyboard */; };
		74CB2E1A1DB5A1DA00A78271 /* DreamLister.xcdatamodeld in Sources */ = {isa = PBXBuildFile; fileRef = 74CB2E181DB5A1DA00A78271 /* DreamLister.xcdatamodeld */; };
		74CB2E1C1DB5A1DA00A78271 /* Assets.xcassets in Resources */ = {isa = PBXBuildFile; fileRef = 74CB2E1B1DB5A1DA00A78271 /* Assets.xcassets */; };
		74CB2E1F1DB5A1DA00A78271 /* LaunchScreen.storyboard in Resources */ = {isa = PBXBuildFile; fileRef = 74CB2E1D1DB5A1DA00A78271 /* LaunchScreen.storyboard */; };
/* End PBXBuildFile section */

/* Begin PBXFileReference section */
		741594971DC16B8500F6DC5F /* Image+CoreDataClass.swift */ = {isa = PBXFileReference; fileEncoding = 4; lastKnownFileType = sourcecode.swift; path = "Image+CoreDataClass.swift"; sourceTree = "<group>"; };
		741594981DC16B8500F6DC5F /* Image+CoreDataProperties.swift */ = {isa = PBXFileReference; fileEncoding = 4; lastKnownFileType = sourcecode.swift; path = "Image+CoreDataProperties.swift"; sourceTree = "<group>"; };
		741594991DC16B8500F6DC5F /* Store+CoreDataClass.swift */ = {isa = PBXFileReference; fileEncoding = 4; lastKnownFileType = sourcecode.swift; path = "Store+CoreDataClass.swift"; sourceTree = "<group>"; };
		7415949A1DC16B8500F6DC5F /* Store+CoreDataProperties.swift */ = {isa = PBXFileReference; fileEncoding = 4; lastKnownFileType = sourcecode.swift; path = "Store+CoreDataProperties.swift"; sourceTree = "<group>"; };
		7415949B1DC16B8500F6DC5F /* ItemType+CoreDataClass.swift */ = {isa = PBXFileReference; fileEncoding = 4; lastKnownFileType = sourcecode.swift; path = "ItemType+CoreDataClass.swift"; sourceTree = "<group>"; };
		7415949C1DC16B8500F6DC5F /* ItemType+CoreDataProperties.swift */ = {isa = PBXFileReference; fileEncoding = 4; lastKnownFileType = sourcecode.swift; path = "ItemType+CoreDataProperties.swift"; sourceTree = "<group>"; };
		7415949D1DC16B8500F6DC5F /* Item+CoreDataClass.swift */ = {isa = PBXFileReference; fileEncoding = 4; lastKnownFileType = sourcecode.swift; path = "Item+CoreDataClass.swift"; sourceTree = "<group>"; };
		7415949E1DC16B8500F6DC5F /* Item+CoreDataProperties.swift */ = {isa = PBXFileReference; fileEncoding = 4; lastKnownFileType = sourcecode.swift; path = "Item+CoreDataProperties.swift"; sourceTree = "<group>"; };
		741594AA1DC3F65800F6DC5F /* MaterialView.swift */ = {isa = PBXFileReference; fileEncoding = 4; lastKnownFileType = sourcecode.swift; path = MaterialView.swift; sourceTree = "<group>"; };
		741594AC1DC3F85400F6DC5F /* ItemCell.swift */ = {isa = PBXFileReference; fileEncoding = 4; lastKnownFileType = sourcecode.swift; path = ItemCell.swift; sourceTree = "<group>"; };
		74CB2E0E1DB5A1DA00A78271 /* DreamLister.app */ = {isa = PBXFileReference; explicitFileType = wrapper.application; includeInIndex = 0; path = DreamLister.app; sourceTree = BUILT_PRODUCTS_DIR; };
		74CB2E111DB5A1DA00A78271 /* AppDelegate.swift */ = {isa = PBXFileReference; lastKnownFileType = sourcecode.swift; path = AppDelegate.swift; sourceTree = "<group>"; };
		74CB2E131DB5A1DA00A78271 /* MainViewController.swift */ = {isa = PBXFileReference; lastKnownFileType = sourcecode.swift; path = MainViewController.swift; sourceTree = "<group>"; };
		74CB2E161DB5A1DA00A78271 /* Base */ = {isa = PBXFileReference; lastKnownFileType = file.storyboard; name = Base; path = Base.lproj/Main.storyboard; sourceTree = "<group>"; };
		74CB2E191DB5A1DA00A78271 /* DreamLister.xcdatamodel */ = {isa = PBXFileReference; lastKnownFileType = wrapper.xcdatamodel; path = DreamLister.xcdatamodel; sourceTree = "<group>"; };
		74CB2E1B1DB5A1DA00A78271 /* Assets.xcassets */ = {isa = PBXFileReference; lastKnownFileType = folder.assetcatalog; path = Assets.xcassets; sourceTree = "<group>"; };
		74CB2E1E1DB5A1DA00A78271 /* Base */ = {isa = PBXFileReference; lastKnownFileType = file.storyboard; name = Base; path = Base.lproj/LaunchScreen.storyboard; sourceTree = "<group>"; };
		74CB2E201DB5A1DA00A78271 /* Info.plist */ = {isa = PBXFileReference; lastKnownFileType = text.plist.xml; path = Info.plist; sourceTree = "<group>"; };
/* End PBXFileReference section */

/* Begin PBXFrameworksBuildPhase section */
		74CB2E0B1DB5A1DA00A78271 /* Frameworks */ = {
			isa = PBXFrameworksBuildPhase;
			buildActionMask = 2147483647;
			files = (
			);
			runOnlyForDeploymentPostprocessing = 0;
		};
/* End PBXFrameworksBuildPhase section */

/* Begin PBXGroup section */
		741594A71DC16BD500F6DC5F /* Model */ = {
			isa = PBXGroup;
			children = (
				741594971DC16B8500F6DC5F /* Image+CoreDataClass.swift */,
				741594991DC16B8500F6DC5F /* Store+CoreDataClass.swift */,
				7415949B1DC16B8500F6DC5F /* ItemType+CoreDataClass.swift */,
				7415949D1DC16B8500F6DC5F /* Item+CoreDataClass.swift */,
				741594A81DC16BDA00F6DC5F /* Generated */,
			);
			name = Model;
			sourceTree = "<group>";
		};
		741594A81DC16BDA00F6DC5F /* Generated */ = {
			isa = PBXGroup;
			children = (
				741594981DC16B8500F6DC5F /* Image+CoreDataProperties.swift */,
				7415949A1DC16B8500F6DC5F /* Store+CoreDataProperties.swift */,
				7415949C1DC16B8500F6DC5F /* ItemType+CoreDataProperties.swift */,
				7415949E1DC16B8500F6DC5F /* Item+CoreDataProperties.swift */,
			);
			name = Generated;
			sourceTree = "<group>";
		};
		741594A91DC3F62B00F6DC5F /* View */ = {
			isa = PBXGroup;
			children = (
				741594AA1DC3F65800F6DC5F /* MaterialView.swift */,
				741594AC1DC3F85400F6DC5F /* ItemCell.swift */,
			);
			name = View;
			sourceTree = "<group>";
		};
		74CB2E051DB5A1DA00A78271 = {
			isa = PBXGroup;
			children = (
				74CB2E101DB5A1DA00A78271 /* DreamLister */,
				74CB2E0F1DB5A1DA00A78271 /* Products */,
			);
			sourceTree = "<group>";
		};
		74CB2E0F1DB5A1DA00A78271 /* Products */ = {
			isa = PBXGroup;
			children = (
				74CB2E0E1DB5A1DA00A78271 /* DreamLister.app */,
			);
			name = Products;
			sourceTree = "<group>";
		};
		74CB2E101DB5A1DA00A78271 /* DreamLister */ = {
			isa = PBXGroup;
			children = (
				741594A91DC3F62B00F6DC5F /* View */,
				741594A71DC16BD500F6DC5F /* Model */,
				74CB2E111DB5A1DA00A78271 /* AppDelegate.swift */,
				74CB2E131DB5A1DA00A78271 /* MainViewController.swift */,
				74CB2E151DB5A1DA00A78271 /* Main.storyboard */,
				74CB2E1B1DB5A1DA00A78271 /* Assets.xcassets */,
				74CB2E1D1DB5A1DA00A78271 /* LaunchScreen.storyboard */,
				74CB2E201DB5A1DA00A78271 /* Info.plist */,
				74CB2E181DB5A1DA00A78271 /* DreamLister.xcdatamodeld */,
			);
			path = DreamLister;
			sourceTree = "<group>";
		};
/* End PBXGroup section */

/* Begin PBXNativeTarget section */
		74CB2E0D1DB5A1DA00A78271 /* DreamLister */ = {
			isa = PBXNativeTarget;
			buildConfigurationList = 74CB2E231DB5A1DA00A78271 /* Build configuration list for PBXNativeTarget "DreamLister" */;
			buildPhases = (
				74CB2E0A1DB5A1DA00A78271 /* Sources */,
				74CB2E0B1DB5A1DA00A78271 /* Frameworks */,
				74CB2E0C1DB5A1DA00A78271 /* Resources */,
			);
			buildRules = (
			);
			dependencies = (
			);
			name = DreamLister;
			productName = DreamLister;
			productReference = 74CB2E0E1DB5A1DA00A78271 /* DreamLister.app */;
			productType = "com.apple.product-type.application";
		};
/* End PBXNativeTarget section */

/* Begin PBXProject section */
		74CB2E061DB5A1DA00A78271 /* Project object */ = {
			isa = PBXProject;
			attributes = {
				LastSwiftUpdateCheck = 0800;
				LastUpgradeCheck = 0800;
				ORGANIZATIONNAME = "Agarwal,Anisha";
				TargetAttributes = {
					74CB2E0D1DB5A1DA00A78271 = {
						CreatedOnToolsVersion = 8.0;
						ProvisioningStyle = Automatic;
					};
				};
			};
			buildConfigurationList = 74CB2E091DB5A1DA00A78271 /* Build configuration list for PBXProject "DreamLister" */;
			compatibilityVersion = "Xcode 3.2";
			developmentRegion = English;
			hasScannedForEncodings = 0;
			knownRegions = (
				en,
				Base,
			);
			mainGroup = 74CB2E051DB5A1DA00A78271;
			productRefGroup = 74CB2E0F1DB5A1DA00A78271 /* Products */;
			projectDirPath = "";
			projectRoot = "";
			targets = (
				74CB2E0D1DB5A1DA00A78271 /* DreamLister */,
			);
		};
/* End PBXProject section */

/* Begin PBXResourcesBuildPhase section */
		74CB2E0C1DB5A1DA00A78271 /* Resources */ = {
			isa = PBXResourcesBuildPhase;
			buildActionMask = 2147483647;
			files = (
				74CB2E1F1DB5A1DA00A78271 /* LaunchScreen.storyboard in Resources */,
				74CB2E1C1DB5A1DA00A78271 /* Assets.xcassets in Resources */,
				74CB2E171DB5A1DA00A78271 /* Main.storyboard in Resources */,
			);
			runOnlyForDeploymentPostprocessing = 0;
		};
/* End PBXResourcesBuildPhase section */

/* Begin PBXSourcesBuildPhase section */
		74CB2E0A1DB5A1DA00A78271 /* Sources */ = {
			isa = PBXSourcesBuildPhase;
			buildActionMask = 2147483647;
			files = (
				741594AD1DC3F85400F6DC5F /* ItemCell.swift in Sources */,
				741594A51DC16B8500F6DC5F /* Item+CoreDataClass.swift in Sources */,
				74CB2E141DB5A1DA00A78271 /* MainViewController.swift in Sources */,
				741594A11DC16B8500F6DC5F /* Store+CoreDataClass.swift in Sources */,
				741594AB1DC3F65800F6DC5F /* MaterialView.swift in Sources */,
				741594A41DC16B8500F6DC5F /* ItemType+CoreDataProperties.swift in Sources */,
				741594A01DC16B8500F6DC5F /* Image+CoreDataProperties.swift in Sources */,
				74CB2E121DB5A1DA00A78271 /* AppDelegate.swift in Sources */,
				741594A31DC16B8500F6DC5F /* ItemType+CoreDataClass.swift in Sources */,
				741594A21DC16B8500F6DC5F /* Store+CoreDataProperties.swift in Sources */,
				74CB2E1A1DB5A1DA00A78271 /* DreamLister.xcdatamodeld in Sources */,
				741594A61DC16B8500F6DC5F /* Item+CoreDataProperties.swift in Sources */,
				7415949F1DC16B8500F6DC5F /* Image+CoreDataClass.swift in Sources */,
			);
			runOnlyForDeploymentPostprocessing = 0;
		};
/* End PBXSourcesBuildPhase section */

/* Begin PBXVariantGroup section */
		74CB2E151DB5A1DA00A78271 /* Main.storyboard */ = {
			isa = PBXVariantGroup;
			children = (
				74CB2E161DB5A1DA00A78271 /* Base */,
			);
			name = Main.storyboard;
			sourceTree = "<group>";
		};
		74CB2E1D1DB5A1DA00A78271 /* LaunchScreen.storyboard */ = {
			isa = PBXVariantGroup;
			children = (
				74CB2E1E1DB5A1DA00A78271 /* Base */,
			);
			name = LaunchScreen.storyboard;
			sourceTree = "<group>";
		};
/* End PBXVariantGroup section */

/* Begin XCBuildConfiguration section */
		74CB2E211DB5A1DA00A78271 /* Debug */ = {
			isa = XCBuildConfiguration;
			buildSettings = {
				ALWAYS_SEARCH_USER_PATHS = NO;
				CLANG_ANALYZER_NONNULL = YES;
				CLANG_CXX_LANGUAGE_STANDARD = "gnu++0x";
				CLANG_CXX_LIBRARY = "libc++";
				CLANG_ENABLE_MODULES = YES;
				CLANG_ENABLE_OBJC_ARC = YES;
				CLANG_WARN_BOOL_CONVERSION = YES;
				CLANG_WARN_CONSTANT_CONVERSION = YES;
				CLANG_WARN_DIRECT_OBJC_ISA_USAGE = YES_ERROR;
				CLANG_WARN_DOCUMENTATION_COMMENTS = YES;
				CLANG_WARN_EMPTY_BODY = YES;
				CLANG_WARN_ENUM_CONVERSION = YES;
				CLANG_WARN_INFINITE_RECURSION = YES;
				CLANG_WARN_INT_CONVERSION = YES;
				CLANG_WARN_OBJC_ROOT_CLASS = YES_ERROR;
				CLANG_WARN_SUSPICIOUS_MOVES = YES;
				CLANG_WARN_UNREACHABLE_CODE = YES;
				CLANG_WARN__DUPLICATE_METHOD_MATCH = YES;
				"CODE_SIGN_IDENTITY[sdk=iphoneos*]" = "iPhone Developer";
				COPY_PHASE_STRIP = NO;
				DEBUG_INFORMATION_FORMAT = dwarf;
				ENABLE_STRICT_OBJC_MSGSEND = YES;
				ENABLE_TESTABILITY = YES;
				GCC_C_LANGUAGE_STANDARD = gnu99;
				GCC_DYNAMIC_NO_PIC = NO;
				GCC_NO_COMMON_BLOCKS = YES;
				GCC_OPTIMIZATION_LEVEL = 0;
				GCC_PREPROCESSOR_DEFINITIONS = (
					"DEBUG=1",
					"$(inherited)",
				);
				GCC_WARN_64_TO_32_BIT_CONVERSION = YES;
				GCC_WARN_ABOUT_RETURN_TYPE = YES_ERROR;
				GCC_WARN_UNDECLARED_SELECTOR = YES;
				GCC_WARN_UNINITIALIZED_AUTOS = YES_AGGRESSIVE;
				GCC_WARN_UNUSED_FUNCTION = YES;
				GCC_WARN_UNUSED_VARIABLE = YES;
				IPHONEOS_DEPLOYMENT_TARGET = 10.0;
				MTL_ENABLE_DEBUG_INFO = YES;
				ONLY_ACTIVE_ARCH = YES;
				SDKROOT = iphoneos;
				SWIFT_ACTIVE_COMPILATION_CONDITIONS = DEBUG;
				SWIFT_OPTIMIZATION_LEVEL = "-Onone";
				TARGETED_DEVICE_FAMILY = "1,2";
			};
			name = Debug;
		};
		74CB2E221DB5A1DA00A78271 /* Release */ = {
			isa = XCBuildConfiguration;
			buildSettings = {
				ALWAYS_SEARCH_USER_PATHS = NO;
				CLANG_ANALYZER_NONNULL = YES;
				CLANG_CXX_LANGUAGE_STANDARD = "gnu++0x";
				CLANG_CXX_LIBRARY = "libc++";
				CLANG_ENABLE_MODULES = YES;
				CLANG_ENABLE_OBJC_ARC = YES;
				CLANG_WARN_BOOL_CONVERSION = YES;
				CLANG_WARN_CONSTANT_CONVERSION = YES;
				CLANG_WARN_DIRECT_OBJC_ISA_USAGE = YES_ERROR;
				CLANG_WARN_DOCUMENTATION_COMMENTS = YES;
				CLANG_WARN_EMPTY_BODY = YES;
				CLANG_WARN_ENUM_CONVERSION = YES;
				CLANG_WARN_INFINITE_RECURSION = YES;
				CLANG_WARN_INT_CONVERSION = YES;
				CLANG_WARN_OBJC_ROOT_CLASS = YES_ERROR;
				CLANG_WARN_SUSPICIOUS_MOVES = YES;
				CLANG_WARN_UNREACHABLE_CODE = YES;
				CLANG_WARN__DUPLICATE_METHOD_MATCH = YES;
				"CODE_SIGN_IDENTITY[sdk=iphoneos*]" = "iPhone Developer";
				COPY_PHASE_STRIP = NO;
				DEBUG_INFORMATION_FORMAT = "dwarf-with-dsym";
				ENABLE_NS_ASSERTIONS = NO;
				ENABLE_STRICT_OBJC_MSGSEND = YES;
				GCC_C_LANGUAGE_STANDARD = gnu99;
				GCC_NO_COMMON_BLOCKS = YES;
				GCC_WARN_64_TO_32_BIT_CONVERSION = YES;
				GCC_WARN_ABOUT_RETURN_TYPE = YES_ERROR;
				GCC_WARN_UNDECLARED_SELECTOR = YES;
				GCC_WARN_UNINITIALIZED_AUTOS = YES_AGGRESSIVE;
				GCC_WARN_UNUSED_FUNCTION = YES;
				GCC_WARN_UNUSED_VARIABLE = YES;
				IPHONEOS_DEPLOYMENT_TARGET = 10.0;
				MTL_ENABLE_DEBUG_INFO = NO;
				SDKROOT = iphoneos;
				SWIFT_OPTIMIZATION_LEVEL = "-Owholemodule";
				TARGETED_DEVICE_FAMILY = "1,2";
				VALIDATE_PRODUCT = YES;
			};
			name = Release;
		};
		74CB2E241DB5A1DA00A78271 /* Debug */ = {
			isa = XCBuildConfiguration;
			buildSettings = {
				ASSETCATALOG_COMPILER_APPICON_NAME = AppIcon;
				INFOPLIST_FILE = DreamLister/Info.plist;
				LD_RUNPATH_SEARCH_PATHS = "$(inherited) @executable_path/Frameworks";
				PRODUCT_BUNDLE_IDENTIFIER = com.Anisha.DreamLister;
				PRODUCT_NAME = "$(TARGET_NAME)";
				SWIFT_VERSION = 3.0;
			};
			name = Debug;
		};
		74CB2E251DB5A1DA00A78271 /* Release */ = {
			isa = XCBuildConfiguration;
			buildSettings = {
				ASSETCATALOG_COMPILER_APPICON_NAME = AppIcon;
				INFOPLIST_FILE = DreamLister/Info.plist;
				LD_RUNPATH_SEARCH_PATHS = "$(inherited) @executable_path/Frameworks";
				PRODUCT_BUNDLE_IDENTIFIER = com.Anisha.DreamLister;
				PRODUCT_NAME = "$(TARGET_NAME)";
				SWIFT_VERSION = 3.0;
			};
			name = Release;
		};
/* End XCBuildConfiguration section */

/* Begin XCConfigurationList section */
		74CB2E091DB5A1DA00A78271 /* Build configuration list for PBXProject "DreamLister" */ = {
			isa = XCConfigurationList;
			buildConfigurations = (
				74CB2E211DB5A1DA00A78271 /* Debug */,
				74CB2E221DB5A1DA00A78271 /* Release */,
			);
			defaultConfigurationIsVisible = 0;
			defaultConfigurationName = Release;
		};
		74CB2E231DB5A1DA00A78271 /* Build configuration list for PBXNativeTarget "DreamLister" */ = {
			isa = XCConfigurationList;
			buildConfigurations = (
				74CB2E241DB5A1DA00A78271 /* Debug */,
				74CB2E251DB5A1DA00A78271 /* Release */,
			);
			defaultConfigurationIsVisible = 0;
			defaultConfigurationName = Release;
		};
/* End XCConfigurationList section */

/* Begin XCVersionGroup section */
		74CB2E181DB5A1DA00A78271 /* DreamLister.xcdatamodeld */ = {
			isa = XCVersionGroup;
			children = (
				74CB2E191DB5A1DA00A78271 /* DreamLister.xcdatamodel */,
			);
			currentVersion = 74CB2E191DB5A1DA00A78271 /* DreamLister.xcdatamodel */;
			path = DreamLister.xcdatamodeld;
			sourceTree = "<group>";
			versionGroupType = wrapper.xcdatamodel;
		};
/* End XCVersionGroup section */
	};
	rootObject = 74CB2E061DB5A1DA00A78271 /* Project object */;
}
